
Microsoft Visual Studio Solution File, Format Version 12.00
# Visual Studio Version 16
VisualStudioVersion = 16.0.29215.179
MinimumVisualStudioVersion = 10.0.40219.1
Project("{9A19103F-16F7-4668-BE54-9A1E7A4F7556}") = "GeneRev4App", "GeneRev4App\GeneRev4App.csproj", "{538417B6-F527-4064-9B37-9F24A5E03A0E}"
EndProject
Project("{FAE04EC0-301F-11D3-BF4B-00C04F79EFBC}") = "GeneRev4_UWP", "GeneRev4App.UWP\GeneRev4_UWP.csproj", "{B204A11E-0DC8-493B-9FB2-B5CEB7064C8E}"
EndProject
Project("{FAE04EC0-301F-11D3-BF4B-00C04F79EFBC}") = "GeneRev4_Android", "GeneRev4App.Android\GeneRev4_Android.csproj", "{5FB007F3-4EDE-44EF-94F7-D2046A6F5DD2}"
EndProject
Project("{FAE04EC0-301F-11D3-BF4B-00C04F79EFBC}") = "GeneRev4_iOS", "GeneRev4App.iOS\GeneRev4_iOS.csproj", "{330F8BD7-01E6-4AA0-AB68-8364D710E2C1}"
EndProject
Project("{8BC9CEB8-8B4A-11D0-8D11-00A0C91BC942}") = "GeneRev4_STM32", "GeneRev4_STM32\GeneRev4_STM32.vcxproj", "{C9CB846E-DC8A-4B40-AECB-8934C7F715EF}"
EndProject
Global
	GlobalSection(SolutionConfigurationPlatforms) = preSolution
		Ad-Hoc|Any CPU = Ad-Hoc|Any CPU
		Ad-Hoc|ARM = Ad-Hoc|ARM
		Ad-Hoc|iPhone = Ad-Hoc|iPhone
		Ad-Hoc|iPhoneSimulator = Ad-Hoc|iPhoneSimulator
		Ad-Hoc|x64 = Ad-Hoc|x64
		Ad-Hoc|x86 = Ad-Hoc|x86
		AppStore|Any CPU = AppStore|Any CPU
		AppStore|ARM = AppStore|ARM
		AppStore|iPhone = AppStore|iPhone
		AppStore|iPhoneSimulator = AppStore|iPhoneSimulator
		AppStore|x64 = AppStore|x64
		AppStore|x86 = AppStore|x86
		Debug|Any CPU = Debug|Any CPU
		Debug|ARM = Debug|ARM
		Debug|iPhone = Debug|iPhone
		Debug|iPhoneSimulator = Debug|iPhoneSimulator
		Debug|x64 = Debug|x64
		Debug|x86 = Debug|x86
		Release|Any CPU = Release|Any CPU
		Release|ARM = Release|ARM
		Release|iPhone = Release|iPhone
		Release|iPhoneSimulator = Release|iPhoneSimulator
		Release|x64 = Release|x64
		Release|x86 = Release|x86
	EndGlobalSection
	GlobalSection(ProjectConfigurationPlatforms) = postSolution
		{538417B6-F527-4064-9B37-9F24A5E03A0E}.Ad-Hoc|Any CPU.ActiveCfg = Debug|Any CPU
		{538417B6-F527-4064-9B37-9F24A5E03A0E}.Ad-Hoc|Any CPU.Build.0 = Debug|Any CPU
		{538417B6-F527-4064-9B37-9F24A5E03A0E}.Ad-Hoc|ARM.ActiveCfg = Debug|Any CPU
		{538417B6-F527-4064-9B37-9F24A5E03A0E}.Ad-Hoc|ARM.Build.0 = Debug|Any CPU
		{538417B6-F527-4064-9B37-9F24A5E03A0E}.Ad-Hoc|iPhone.ActiveCfg = Debug|Any CPU
		{538417B6-F527-4064-9B37-9F24A5E03A0E}.Ad-Hoc|iPhone.Build.0 = Debug|Any CPU
		{538417B6-F527-4064-9B37-9F24A5E03A0E}.Ad-Hoc|iPhoneSimulator.ActiveCfg = Debug|Any CPU
		{538417B6-F527-4064-9B37-9F24A5E03A0E}.Ad-Hoc|iPhoneSimulator.Build.0 = Debug|Any CPU
		{538417B6-F527-4064-9B37-9F24A5E03A0E}.Ad-Hoc|x64.ActiveCfg = Debug|Any CPU
		{538417B6-F527-4064-9B37-9F24A5E03A0E}.Ad-Hoc|x64.Build.0 = Debug|Any CPU
		{538417B6-F527-4064-9B37-9F24A5E03A0E}.Ad-Hoc|x86.ActiveCfg = Debug|Any CPU
		{538417B6-F527-4064-9B37-9F24A5E03A0E}.Ad-Hoc|x86.Build.0 = Debug|Any CPU
		{538417B6-F527-4064-9B37-9F24A5E03A0E}.AppStore|Any CPU.ActiveCfg = Debug|Any CPU
		{538417B6-F527-4064-9B37-9F24A5E03A0E}.AppStore|Any CPU.Build.0 = Debug|Any CPU
		{538417B6-F527-4064-9B37-9F24A5E03A0E}.AppStore|ARM.ActiveCfg = Debug|Any CPU
		{538417B6-F527-4064-9B37-9F24A5E03A0E}.AppStore|ARM.Build.0 = Debug|Any CPU
		{538417B6-F527-4064-9B37-9F24A5E03A0E}.AppStore|iPhone.ActiveCfg = Debug|Any CPU
		{538417B6-F527-4064-9B37-9F24A5E03A0E}.AppStore|iPhone.Build.0 = Debug|Any CPU
		{538417B6-F527-4064-9B37-9F24A5E03A0E}.AppStore|iPhoneSimulator.ActiveCfg = Debug|Any CPU
		{538417B6-F527-4064-9B37-9F24A5E03A0E}.AppStore|iPhoneSimulator.Build.0 = Debug|Any CPU
		{538417B6-F527-4064-9B37-9F24A5E03A0E}.AppStore|x64.ActiveCfg = Debug|Any CPU
		{538417B6-F527-4064-9B37-9F24A5E03A0E}.AppStore|x64.Build.0 = Debug|Any CPU
		{538417B6-F527-4064-9B37-9F24A5E03A0E}.AppStore|x86.ActiveCfg = Debug|Any CPU
		{538417B6-F527-4064-9B37-9F24A5E03A0E}.AppStore|x86.Build.0 = Debug|Any CPU
		{538417B6-F527-4064-9B37-9F24A5E03A0E}.Debug|Any CPU.ActiveCfg = Debug|Any CPU
		{538417B6-F527-4064-9B37-9F24A5E03A0E}.Debug|Any CPU.Build.0 = Debug|Any CPU
		{538417B6-F527-4064-9B37-9F24A5E03A0E}.Debug|ARM.ActiveCfg = Debug|Any CPU
		{538417B6-F527-4064-9B37-9F24A5E03A0E}.Debug|ARM.Build.0 = Debug|Any CPU
		{538417B6-F527-4064-9B37-9F24A5E03A0E}.Debug|iPhone.ActiveCfg = Debug|Any CPU
		{538417B6-F527-4064-9B37-9F24A5E03A0E}.Debug|iPhone.Build.0 = Debug|Any CPU
		{538417B6-F527-4064-9B37-9F24A5E03A0E}.Debug|iPhoneSimulator.ActiveCfg = Debug|Any CPU
		{538417B6-F527-4064-9B37-9F24A5E03A0E}.Debug|iPhoneSimulator.Build.0 = Debug|Any CPU
		{538417B6-F527-4064-9B37-9F24A5E03A0E}.Debug|x64.ActiveCfg = Debug|Any CPU
		{538417B6-F527-4064-9B37-9F24A5E03A0E}.Debug|x64.Build.0 = Debug|Any CPU
		{538417B6-F527-4064-9B37-9F24A5E03A0E}.Debug|x86.ActiveCfg = Debug|Any CPU
		{538417B6-F527-4064-9B37-9F24A5E03A0E}.Debug|x86.Build.0 = Debug|Any CPU
		{538417B6-F527-4064-9B37-9F24A5E03A0E}.Release|Any CPU.ActiveCfg = Release|Any CPU
		{538417B6-F527-4064-9B37-9F24A5E03A0E}.Release|Any CPU.Build.0 = Release|Any CPU
		{538417B6-F527-4064-9B37-9F24A5E03A0E}.Release|ARM.ActiveCfg = Release|Any CPU
		{538417B6-F527-4064-9B37-9F24A5E03A0E}.Release|ARM.Build.0 = Release|Any CPU
		{538417B6-F527-4064-9B37-9F24A5E03A0E}.Release|iPhone.ActiveCfg = Release|Any CPU
		{538417B6-F527-4064-9B37-9F24A5E03A0E}.Release|iPhone.Build.0 = Release|Any CPU
		{538417B6-F527-4064-9B37-9F24A5E03A0E}.Release|iPhoneSimulator.ActiveCfg = Release|Any CPU
		{538417B6-F527-4064-9B37-9F24A5E03A0E}.Release|iPhoneSimulator.Build.0 = Release|Any CPU
		{538417B6-F527-4064-9B37-9F24A5E03A0E}.Release|x64.ActiveCfg = Release|Any CPU
		{538417B6-F527-4064-9B37-9F24A5E03A0E}.Release|x64.Build.0 = Release|Any CPU
		{538417B6-F527-4064-9B37-9F24A5E03A0E}.Release|x86.ActiveCfg = Release|Any CPU
		{538417B6-F527-4064-9B37-9F24A5E03A0E}.Release|x86.Build.0 = Release|Any CPU
		{B204A11E-0DC8-493B-9FB2-B5CEB7064C8E}.Ad-Hoc|Any CPU.ActiveCfg = Release|x86
		{B204A11E-0DC8-493B-9FB2-B5CEB7064C8E}.Ad-Hoc|Any CPU.Build.0 = Release|x86
		{B204A11E-0DC8-493B-9FB2-B5CEB7064C8E}.Ad-Hoc|Any CPU.Deploy.0 = Release|x86
		{B204A11E-0DC8-493B-9FB2-B5CEB7064C8E}.Ad-Hoc|ARM.ActiveCfg = Release|ARM
		{B204A11E-0DC8-493B-9FB2-B5CEB7064C8E}.Ad-Hoc|ARM.Build.0 = Release|ARM
		{B204A11E-0DC8-493B-9FB2-B5CEB7064C8E}.Ad-Hoc|ARM.Deploy.0 = Release|ARM
		{B204A11E-0DC8-493B-9FB2-B5CEB7064C8E}.Ad-Hoc|iPhone.ActiveCfg = Release|x86
		{B204A11E-0DC8-493B-9FB2-B5CEB7064C8E}.Ad-Hoc|iPhone.Build.0 = Release|x86
		{B204A11E-0DC8-493B-9FB2-B5CEB7064C8E}.Ad-Hoc|iPhone.Deploy.0 = Release|x86
		{B204A11E-0DC8-493B-9FB2-B5CEB7064C8E}.Ad-Hoc|iPhoneSimulator.ActiveCfg = Release|x86
		{B204A11E-0DC8-493B-9FB2-B5CEB7064C8E}.Ad-Hoc|iPhoneSimulator.Build.0 = Release|x86
		{B204A11E-0DC8-493B-9FB2-B5CEB7064C8E}.Ad-Hoc|iPhoneSimulator.Deploy.0 = Release|x86
		{B204A11E-0DC8-493B-9FB2-B5CEB7064C8E}.Ad-Hoc|x64.ActiveCfg = Release|x64
		{B204A11E-0DC8-493B-9FB2-B5CEB7064C8E}.Ad-Hoc|x64.Build.0 = Release|x64
		{B204A11E-0DC8-493B-9FB2-B5CEB7064C8E}.Ad-Hoc|x64.Deploy.0 = Release|x64
		{B204A11E-0DC8-493B-9FB2-B5CEB7064C8E}.Ad-Hoc|x86.ActiveCfg = Release|x86
		{B204A11E-0DC8-493B-9FB2-B5CEB7064C8E}.Ad-Hoc|x86.Build.0 = Release|x86
		{B204A11E-0DC8-493B-9FB2-B5CEB7064C8E}.Ad-Hoc|x86.Deploy.0 = Release|x86
		{B204A11E-0DC8-493B-9FB2-B5CEB7064C8E}.AppStore|Any CPU.ActiveCfg = Release|x86
		{B204A11E-0DC8-493B-9FB2-B5CEB7064C8E}.AppStore|Any CPU.Build.0 = Release|x86
		{B204A11E-0DC8-493B-9FB2-B5CEB7064C8E}.AppStore|Any CPU.Deploy.0 = Release|x86
		{B204A11E-0DC8-493B-9FB2-B5CEB7064C8E}.AppStore|ARM.ActiveCfg = Release|ARM
		{B204A11E-0DC8-493B-9FB2-B5CEB7064C8E}.AppStore|ARM.Build.0 = Release|ARM
		{B204A11E-0DC8-493B-9FB2-B5CEB7064C8E}.AppStore|ARM.Deploy.0 = Release|ARM
		{B204A11E-0DC8-493B-9FB2-B5CEB7064C8E}.AppStore|iPhone.ActiveCfg = Release|x86
		{B204A11E-0DC8-493B-9FB2-B5CEB7064C8E}.AppStore|iPhone.Build.0 = Release|x86
		{B204A11E-0DC8-493B-9FB2-B5CEB7064C8E}.AppStore|iPhone.Deploy.0 = Release|x86
		{B204A11E-0DC8-493B-9FB2-B5CEB7064C8E}.AppStore|iPhoneSimulator.ActiveCfg = Release|x86
		{B204A11E-0DC8-493B-9FB2-B5CEB7064C8E}.AppStore|iPhoneSimulator.Build.0 = Release|x86
		{B204A11E-0DC8-493B-9FB2-B5CEB7064C8E}.AppStore|iPhoneSimulator.Deploy.0 = Release|x86
		{B204A11E-0DC8-493B-9FB2-B5CEB7064C8E}.AppStore|x64.ActiveCfg = Release|x64
		{B204A11E-0DC8-493B-9FB2-B5CEB7064C8E}.AppStore|x64.Build.0 = Release|x64
		{B204A11E-0DC8-493B-9FB2-B5CEB7064C8E}.AppStore|x64.Deploy.0 = Release|x64
		{B204A11E-0DC8-493B-9FB2-B5CEB7064C8E}.AppStore|x86.ActiveCfg = Release|x86
		{B204A11E-0DC8-493B-9FB2-B5CEB7064C8E}.AppStore|x86.Build.0 = Release|x86
		{B204A11E-0DC8-493B-9FB2-B5CEB7064C8E}.AppStore|x86.Deploy.0 = Release|x86
		{B204A11E-0DC8-493B-9FB2-B5CEB7064C8E}.Debug|Any CPU.ActiveCfg = Debug|x86
		{B204A11E-0DC8-493B-9FB2-B5CEB7064C8E}.Debug|ARM.ActiveCfg = Debug|ARM
		{B204A11E-0DC8-493B-9FB2-B5CEB7064C8E}.Debug|ARM.Build.0 = Debug|ARM
		{B204A11E-0DC8-493B-9FB2-B5CEB7064C8E}.Debug|ARM.Deploy.0 = Debug|ARM
		{B204A11E-0DC8-493B-9FB2-B5CEB7064C8E}.Debug|iPhone.ActiveCfg = Debug|x86
		{B204A11E-0DC8-493B-9FB2-B5CEB7064C8E}.Debug|iPhoneSimulator.ActiveCfg = Debug|x86
		{B204A11E-0DC8-493B-9FB2-B5CEB7064C8E}.Debug|x64.ActiveCfg = Debug|x64
		{B204A11E-0DC8-493B-9FB2-B5CEB7064C8E}.Debug|x64.Build.0 = Debug|x64
		{B204A11E-0DC8-493B-9FB2-B5CEB7064C8E}.Debug|x64.Deploy.0 = Debug|x64
		{B204A11E-0DC8-493B-9FB2-B5CEB7064C8E}.Debug|x86.ActiveCfg = Debug|x86
		{B204A11E-0DC8-493B-9FB2-B5CEB7064C8E}.Debug|x86.Build.0 = Debug|x86
		{B204A11E-0DC8-493B-9FB2-B5CEB7064C8E}.Debug|x86.Deploy.0 = Debug|x86
		{B204A11E-0DC8-493B-9FB2-B5CEB7064C8E}.Release|Any CPU.ActiveCfg = Release|x86
		{B204A11E-0DC8-493B-9FB2-B5CEB7064C8E}.Release|ARM.ActiveCfg = Release|ARM
		{B204A11E-0DC8-493B-9FB2-B5CEB7064C8E}.Release|ARM.Build.0 = Release|ARM
		{B204A11E-0DC8-493B-9FB2-B5CEB7064C8E}.Release|ARM.Deploy.0 = Release|ARM
		{B204A11E-0DC8-493B-9FB2-B5CEB7064C8E}.Release|iPhone.ActiveCfg = Release|x86
		{B204A11E-0DC8-493B-9FB2-B5CEB7064C8E}.Release|iPhoneSimulator.ActiveCfg = Release|x86
		{B204A11E-0DC8-493B-9FB2-B5CEB7064C8E}.Release|x64.ActiveCfg = Release|x64
		{B204A11E-0DC8-493B-9FB2-B5CEB7064C8E}.Release|x64.Build.0 = Release|x64
		{B204A11E-0DC8-493B-9FB2-B5CEB7064C8E}.Release|x64.Deploy.0 = Release|x64
		{B204A11E-0DC8-493B-9FB2-B5CEB7064C8E}.Release|x86.ActiveCfg = Release|x86
		{B204A11E-0DC8-493B-9FB2-B5CEB7064C8E}.Release|x86.Build.0 = Release|x86
		{B204A11E-0DC8-493B-9FB2-B5CEB7064C8E}.Release|x86.Deploy.0 = Release|x86
		{5FB007F3-4EDE-44EF-94F7-D2046A6F5DD2}.Ad-Hoc|Any CPU.ActiveCfg = Release|Any CPU
		{5FB007F3-4EDE-44EF-94F7-D2046A6F5DD2}.Ad-Hoc|Any CPU.Build.0 = Release|Any CPU
		{5FB007F3-4EDE-44EF-94F7-D2046A6F5DD2}.Ad-Hoc|Any CPU.Deploy.0 = Release|Any CPU
		{5FB007F3-4EDE-44EF-94F7-D2046A6F5DD2}.Ad-Hoc|ARM.ActiveCfg = Release|Any CPU
		{5FB007F3-4EDE-44EF-94F7-D2046A6F5DD2}.Ad-Hoc|ARM.Build.0 = Release|Any CPU
		{5FB007F3-4EDE-44EF-94F7-D2046A6F5DD2}.Ad-Hoc|ARM.Deploy.0 = Release|Any CPU
		{5FB007F3-4EDE-44EF-94F7-D2046A6F5DD2}.Ad-Hoc|iPhone.ActiveCfg = Release|Any CPU
		{5FB007F3-4EDE-44EF-94F7-D2046A6F5DD2}.Ad-Hoc|iPhone.Build.0 = Release|Any CPU
		{5FB007F3-4EDE-44EF-94F7-D2046A6F5DD2}.Ad-Hoc|iPhone.Deploy.0 = Release|Any CPU
		{5FB007F3-4EDE-44EF-94F7-D2046A6F5DD2}.Ad-Hoc|iPhoneSimulator.ActiveCfg = Release|Any CPU
		{5FB007F3-4EDE-44EF-94F7-D2046A6F5DD2}.Ad-Hoc|iPhoneSimulator.Build.0 = Release|Any CPU
		{5FB007F3-4EDE-44EF-94F7-D2046A6F5DD2}.Ad-Hoc|iPhoneSimulator.Deploy.0 = Release|Any CPU
		{5FB007F3-4EDE-44EF-94F7-D2046A6F5DD2}.Ad-Hoc|x64.ActiveCfg = Release|Any CPU
		{5FB007F3-4EDE-44EF-94F7-D2046A6F5DD2}.Ad-Hoc|x64.Build.0 = Release|Any CPU
		{5FB007F3-4EDE-44EF-94F7-D2046A6F5DD2}.Ad-Hoc|x64.Deploy.0 = Release|Any CPU
		{5FB007F3-4EDE-44EF-94F7-D2046A6F5DD2}.Ad-Hoc|x86.ActiveCfg = Release|Any CPU
		{5FB007F3-4EDE-44EF-94F7-D2046A6F5DD2}.Ad-Hoc|x86.Build.0 = Release|Any CPU
		{5FB007F3-4EDE-44EF-94F7-D2046A6F5DD2}.Ad-Hoc|x86.Deploy.0 = Release|Any CPU
		{5FB007F3-4EDE-44EF-94F7-D2046A6F5DD2}.AppStore|Any CPU.ActiveCfg = Release|Any CPU
		{5FB007F3-4EDE-44EF-94F7-D2046A6F5DD2}.AppStore|Any CPU.Build.0 = Release|Any CPU
		{5FB007F3-4EDE-44EF-94F7-D2046A6F5DD2}.AppStore|Any CPU.Deploy.0 = Release|Any CPU
		{5FB007F3-4EDE-44EF-94F7-D2046A6F5DD2}.AppStore|ARM.ActiveCfg = Release|Any CPU
		{5FB007F3-4EDE-44EF-94F7-D2046A6F5DD2}.AppStore|ARM.Build.0 = Release|Any CPU
		{5FB007F3-4EDE-44EF-94F7-D2046A6F5DD2}.AppStore|ARM.Deploy.0 = Release|Any CPU
		{5FB007F3-4EDE-44EF-94F7-D2046A6F5DD2}.AppStore|iPhone.ActiveCfg = Release|Any CPU
		{5FB007F3-4EDE-44EF-94F7-D2046A6F5DD2}.AppStore|iPhone.Build.0 = Release|Any CPU
		{5FB007F3-4EDE-44EF-94F7-D2046A6F5DD2}.AppStore|iPhone.Deploy.0 = Release|Any CPU
		{5FB007F3-4EDE-44EF-94F7-D2046A6F5DD2}.AppStore|iPhoneSimulator.ActiveCfg = Release|Any CPU
		{5FB007F3-4EDE-44EF-94F7-D2046A6F5DD2}.AppStore|iPhoneSimulator.Build.0 = Release|Any CPU
		{5FB007F3-4EDE-44EF-94F7-D2046A6F5DD2}.AppStore|iPhoneSimulator.Deploy.0 = Release|Any CPU
		{5FB007F3-4EDE-44EF-94F7-D2046A6F5DD2}.AppStore|x64.ActiveCfg = Release|Any CPU
		{5FB007F3-4EDE-44EF-94F7-D2046A6F5DD2}.AppStore|x64.Build.0 = Release|Any CPU
		{5FB007F3-4EDE-44EF-94F7-D2046A6F5DD2}.AppStore|x64.Deploy.0 = Release|Any CPU
		{5FB007F3-4EDE-44EF-94F7-D2046A6F5DD2}.AppStore|x86.ActiveCfg = Release|Any CPU
		{5FB007F3-4EDE-44EF-94F7-D2046A6F5DD2}.AppStore|x86.Build.0 = Release|Any CPU
		{5FB007F3-4EDE-44EF-94F7-D2046A6F5DD2}.AppStore|x86.Deploy.0 = Release|Any CPU
		{5FB007F3-4EDE-44EF-94F7-D2046A6F5DD2}.Debug|Any CPU.ActiveCfg = Debug|Any CPU
		{5FB007F3-4EDE-44EF-94F7-D2046A6F5DD2}.Debug|Any CPU.Build.0 = Debug|Any CPU
		{5FB007F3-4EDE-44EF-94F7-D2046A6F5DD2}.Debug|Any CPU.Deploy.0 = Debug|Any CPU
		{5FB007F3-4EDE-44EF-94F7-D2046A6F5DD2}.Debug|ARM.ActiveCfg = Debug|Any CPU
		{5FB007F3-4EDE-44EF-94F7-D2046A6F5DD2}.Debug|ARM.Build.0 = Debug|Any CPU
		{5FB007F3-4EDE-44EF-94F7-D2046A6F5DD2}.Debug|ARM.Deploy.0 = Debug|Any CPU
		{5FB007F3-4EDE-44EF-94F7-D2046A6F5DD2}.Debug|iPhone.ActiveCfg = Debug|Any CPU
		{5FB007F3-4EDE-44EF-94F7-D2046A6F5DD2}.Debug|iPhone.Build.0 = Debug|Any CPU
		{5FB007F3-4EDE-44EF-94F7-D2046A6F5DD2}.Debug|iPhone.Deploy.0 = Debug|Any CPU
		{5FB007F3-4EDE-44EF-94F7-D2046A6F5DD2}.Debug|iPhoneSimulator.ActiveCfg = Debug|Any CPU
		{5FB007F3-4EDE-44EF-94F7-D2046A6F5DD2}.Debug|iPhoneSimulator.Build.0 = Debug|Any CPU
		{5FB007F3-4EDE-44EF-94F7-D2046A6F5DD2}.Debug|iPhoneSimulator.Deploy.0 = Debug|Any CPU
		{5FB007F3-4EDE-44EF-94F7-D2046A6F5DD2}.Debug|x64.ActiveCfg = Debug|Any CPU
		{5FB007F3-4EDE-44EF-94F7-D2046A6F5DD2}.Debug|x64.Build.0 = Debug|Any CPU
		{5FB007F3-4EDE-44EF-94F7-D2046A6F5DD2}.Debug|x64.Deploy.0 = Debug|Any CPU
		{5FB007F3-4EDE-44EF-94F7-D2046A6F5DD2}.Debug|x86.ActiveCfg = Debug|Any CPU
		{5FB007F3-4EDE-44EF-94F7-D2046A6F5DD2}.Debug|x86.Build.0 = Debug|Any CPU
		{5FB007F3-4EDE-44EF-94F7-D2046A6F5DD2}.Debug|x86.Deploy.0 = Debug|Any CPU
		{5FB007F3-4EDE-44EF-94F7-D2046A6F5DD2}.Release|Any CPU.ActiveCfg = Release|Any CPU
		{5FB007F3-4EDE-44EF-94F7-D2046A6F5DD2}.Release|Any CPU.Build.0 = Release|Any CPU
		{5FB007F3-4EDE-44EF-94F7-D2046A6F5DD2}.Release|Any CPU.Deploy.0 = Release|Any CPU
		{5FB007F3-4EDE-44EF-94F7-D2046A6F5DD2}.Release|ARM.ActiveCfg = Release|Any CPU
		{5FB007F3-4EDE-44EF-94F7-D2046A6F5DD2}.Release|ARM.Build.0 = Release|Any CPU
		{5FB007F3-4EDE-44EF-94F7-D2046A6F5DD2}.Release|ARM.Deploy.0 = Release|Any CPU
		{5FB007F3-4EDE-44EF-94F7-D2046A6F5DD2}.Release|iPhone.ActiveCfg = Release|Any CPU
		{5FB007F3-4EDE-44EF-94F7-D2046A6F5DD2}.Release|iPhone.Build.0 = Release|Any CPU
		{5FB007F3-4EDE-44EF-94F7-D2046A6F5DD2}.Release|iPhone.Deploy.0 = Release|Any CPU
		{5FB007F3-4EDE-44EF-94F7-D2046A6F5DD2}.Release|iPhoneSimulator.ActiveCfg = Release|Any CPU
		{5FB007F3-4EDE-44EF-94F7-D2046A6F5DD2}.Release|iPhoneSimulator.Build.0 = Release|Any CPU
		{5FB007F3-4EDE-44EF-94F7-D2046A6F5DD2}.Release|iPhoneSimulator.Deploy.0 = Release|Any CPU
		{5FB007F3-4EDE-44EF-94F7-D2046A6F5DD2}.Release|x64.ActiveCfg = Release|Any CPU
		{5FB007F3-4EDE-44EF-94F7-D2046A6F5DD2}.Release|x64.Build.0 = Release|Any CPU
		{5FB007F3-4EDE-44EF-94F7-D2046A6F5DD2}.Release|x64.Deploy.0 = Release|Any CPU
		{5FB007F3-4EDE-44EF-94F7-D2046A6F5DD2}.Release|x86.ActiveCfg = Release|Any CPU
		{5FB007F3-4EDE-44EF-94F7-D2046A6F5DD2}.Release|x86.Build.0 = Release|Any CPU
		{5FB007F3-4EDE-44EF-94F7-D2046A6F5DD2}.Release|x86.Deploy.0 = Release|Any CPU
		{330F8BD7-01E6-4AA0-AB68-8364D710E2C1}.Ad-Hoc|Any CPU.ActiveCfg = Ad-Hoc|iPhone
		{330F8BD7-01E6-4AA0-AB68-8364D710E2C1}.Ad-Hoc|ARM.ActiveCfg = Ad-Hoc|iPhone
		{330F8BD7-01E6-4AA0-AB68-8364D710E2C1}.Ad-Hoc|iPhone.ActiveCfg = Ad-Hoc|iPhone
		{330F8BD7-01E6-4AA0-AB68-8364D710E2C1}.Ad-Hoc|iPhone.Build.0 = Ad-Hoc|iPhone
		{330F8BD7-01E6-4AA0-AB68-8364D710E2C1}.Ad-Hoc|iPhoneSimulator.ActiveCfg = Ad-Hoc|iPhoneSimulator
		{330F8BD7-01E6-4AA0-AB68-8364D710E2C1}.Ad-Hoc|iPhoneSimulator.Build.0 = Ad-Hoc|iPhoneSimulator
		{330F8BD7-01E6-4AA0-AB68-8364D710E2C1}.Ad-Hoc|x64.ActiveCfg = Ad-Hoc|iPhone
		{330F8BD7-01E6-4AA0-AB68-8364D710E2C1}.Ad-Hoc|x86.ActiveCfg = Ad-Hoc|iPhone
		{330F8BD7-01E6-4AA0-AB68-8364D710E2C1}.AppStore|Any CPU.ActiveCfg = AppStore|iPhone
		{330F8BD7-01E6-4AA0-AB68-8364D710E2C1}.AppStore|ARM.ActiveCfg = AppStore|iPhone
		{330F8BD7-01E6-4AA0-AB68-8364D710E2C1}.AppStore|iPhone.ActiveCfg = AppStore|iPhone
		{330F8BD7-01E6-4AA0-AB68-8364D710E2C1}.AppStore|iPhone.Build.0 = AppStore|iPhone
		{330F8BD7-01E6-4AA0-AB68-8364D710E2C1}.AppStore|iPhoneSimulator.ActiveCfg = AppStore|iPhoneSimulator
		{330F8BD7-01E6-4AA0-AB68-8364D710E2C1}.AppStore|iPhoneSimulator.Build.0 = AppStore|iPhoneSimulator
		{330F8BD7-01E6-4AA0-AB68-8364D710E2C1}.AppStore|x64.ActiveCfg = AppStore|iPhone
		{330F8BD7-01E6-4AA0-AB68-8364D710E2C1}.AppStore|x86.ActiveCfg = AppStore|iPhone
		{330F8BD7-01E6-4AA0-AB68-8364D710E2C1}.Debug|Any CPU.ActiveCfg = Debug|iPhone
		{330F8BD7-01E6-4AA0-AB68-8364D710E2C1}.Debug|ARM.ActiveCfg = Debug|iPhone
		{330F8BD7-01E6-4AA0-AB68-8364D710E2C1}.Debug|iPhone.ActiveCfg = Debug|iPhone
		{330F8BD7-01E6-4AA0-AB68-8364D710E2C1}.Debug|iPhone.Build.0 = Debug|iPhone
		{330F8BD7-01E6-4AA0-AB68-8364D710E2C1}.Debug|iPhoneSimulator.ActiveCfg = Debug|iPhoneSimulator
		{330F8BD7-01E6-4AA0-AB68-8364D710E2C1}.Debug|iPhoneSimulator.Build.0 = Debug|iPhoneSimulator
		{330F8BD7-01E6-4AA0-AB68-8364D710E2C1}.Debug|x64.ActiveCfg = Debug|iPhone
		{330F8BD7-01E6-4AA0-AB68-8364D710E2C1}.Debug|x86.ActiveCfg = Debug|iPhone
		{330F8BD7-01E6-4AA0-AB68-8364D710E2C1}.Release|Any CPU.ActiveCfg = Release|iPhone
		{330F8BD7-01E6-4AA0-AB68-8364D710E2C1}.Release|ARM.ActiveCfg = Release|iPhone
		{330F8BD7-01E6-4AA0-AB68-8364D710E2C1}.Release|iPhone.ActiveCfg = Release|iPhone
		{330F8BD7-01E6-4AA0-AB68-8364D710E2C1}.Release|iPhone.Build.0 = Release|iPhone
		{330F8BD7-01E6-4AA0-AB68-8364D710E2C1}.Release|iPhoneSimulator.ActiveCfg = Release|iPhoneSimulator
		{330F8BD7-01E6-4AA0-AB68-8364D710E2C1}.Release|iPhoneSimulator.Build.0 = Release|iPhoneSimulator
		{330F8BD7-01E6-4AA0-AB68-8364D710E2C1}.Release|x64.ActiveCfg = Release|iPhone
		{330F8BD7-01E6-4AA0-AB68-8364D710E2C1}.Release|x86.ActiveCfg = Release|iPhone
		{C9CB846E-DC8A-4B40-AECB-8934C7F715EF}.Ad-Hoc|Any CPU.ActiveCfg = Release|Win32
		{C9CB846E-DC8A-4B40-AECB-8934C7F715EF}.Ad-Hoc|Any CPU.Build.0 = Release|Win32
		{C9CB846E-DC8A-4B40-AECB-8934C7F715EF}.Ad-Hoc|ARM.ActiveCfg = Release|Win32
		{C9CB846E-DC8A-4B40-AECB-8934C7F715EF}.Ad-Hoc|ARM.Build.0 = Release|Win32
		{C9CB846E-DC8A-4B40-AECB-8934C7F715EF}.Ad-Hoc|iPhone.ActiveCfg = Release|Win32
		{C9CB846E-DC8A-4B40-AECB-8934C7F715EF}.Ad-Hoc|iPhone.Build.0 = Release|Win32
		{C9CB846E-DC8A-4B40-AECB-8934C7F715EF}.Ad-Hoc|iPhoneSimulator.ActiveCfg = Release|Win32
		{C9CB846E-DC8A-4B40-AECB-8934C7F715EF}.Ad-Hoc|iPhoneSimulator.Build.0 = Release|Win32
		{C9CB846E-DC8A-4B40-AECB-8934C7F715EF}.Ad-Hoc|x64.ActiveCfg = Release|Win32
		{C9CB846E-DC8A-4B40-AECB-8934C7F715EF}.Ad-Hoc|x64.Build.0 = Release|Win32
		{C9CB846E-DC8A-4B40-AECB-8934C7F715EF}.Ad-Hoc|x86.ActiveCfg = Release|Win32
		{C9CB846E-DC8A-4B40-AECB-8934C7F715EF}.Ad-Hoc|x86.Build.0 = Release|Win32
		{C9CB846E-DC8A-4B40-AECB-8934C7F715EF}.AppStore|Any CPU.ActiveCfg = Release|Win32
		{C9CB846E-DC8A-4B40-AECB-8934C7F715EF}.AppStore|Any CPU.Build.0 = Release|Win32
		{C9CB846E-DC8A-4B40-AECB-8934C7F715EF}.AppStore|ARM.ActiveCfg = Release|Win32
		{C9CB846E-DC8A-4B40-AECB-8934C7F715EF}.AppStore|ARM.Build.0 = Release|Win32
		{C9CB846E-DC8A-4B40-AECB-8934C7F715EF}.AppStore|iPhone.ActiveCfg = Release|Win32
		{C9CB846E-DC8A-4B40-AECB-8934C7F715EF}.AppStore|iPhone.Build.0 = Release|Win32
		{C9CB846E-DC8A-4B40-AECB-8934C7F715EF}.AppStore|iPhoneSimulator.ActiveCfg = Release|Win32
		{C9CB846E-DC8A-4B40-AECB-8934C7F715EF}.AppStore|iPhoneSimulator.Build.0 = Release|Win32
		{C9CB846E-DC8A-4B40-AECB-8934C7F715EF}.AppStore|x64.ActiveCfg = Release|Win32
		{C9CB846E-DC8A-4B40-AECB-8934C7F715EF}.AppStore|x64.Build.0 = Release|Win32
		{C9CB846E-DC8A-4B40-AECB-8934C7F715EF}.AppStore|x86.ActiveCfg = Release|Win32
		{C9CB846E-DC8A-4B40-AECB-8934C7F715EF}.AppStore|x86.Build.0 = Release|Win32
		{C9CB846E-DC8A-4B40-AECB-8934C7F715EF}.Debug|Any CPU.ActiveCfg = Debug|Win32
		{C9CB846E-DC8A-4B40-AECB-8934C7F715EF}.Debug|ARM.ActiveCfg = Debug|Win32
		{C9CB846E-DC8A-4B40-AECB-8934C7F715EF}.Debug|iPhone.ActiveCfg = Debug|Win32
		{C9CB846E-DC8A-4B40-AECB-8934C7F715EF}.Debug|iPhoneSimulator.ActiveCfg = Debug|Win32
		{C9CB846E-DC8A-4B40-AECB-8934C7F715EF}.Debug|x64.ActiveCfg = Debug|Win32
		{C9CB846E-DC8A-4B40-AECB-8934C7F715EF}.Debug|x86.ActiveCfg = Debug|Win32
		{C9CB846E-DC8A-4B40-AECB-8934C7F715EF}.Debug|x86.Build.0 = Debug|Win32
		{C9CB846E-DC8A-4B40-AECB-8934C7F715EF}.Release|Any CPU.ActiveCfg = Release|Win32
		{C9CB846E-DC8A-4B40-AECB-8934C7F715EF}.Release|ARM.ActiveCfg = Release|Win32
		{C9CB846E-DC8A-4B40-AECB-8934C7F715EF}.Release|iPhone.ActiveCfg = Release|Win32
		{C9CB846E-DC8A-4B40-AECB-8934C7F715EF}.Release|iPhoneSimulator.ActiveCfg = Release|Win32
		{C9CB846E-DC8A-4B40-AECB-8934C7F715EF}.Release|x64.ActiveCfg = Release|Win32
		{C9CB846E-DC8A-4B40-AECB-8934C7F715EF}.Release|x86.ActiveCfg = Release|Win32
		{C9CB846E-DC8A-4B40-AECB-8934C7F715EF}.Release|x86.Build.0 = Release|Win32
	EndGlobalSection
	GlobalSection(SolutionProperties) = preSolution
		HideSolutionNode = FALSE
	EndGlobalSection
	GlobalSection(ExtensibilityGlobals) = postSolution
		SolutionGuid = {8B5063DF-8B8F-433A-9C2B-EED22E5F9CD0}
	EndGlobalSection
EndGlobal
